
Microsoft Visual Studio Solution File, Format Version 12.00
# Visual Studio Version 16
VisualStudioVersion = 16.0.31105.61
MinimumVisualStudioVersion = 10.0.40219.1
Project("{9A19103F-16F7-4668-BE54-9A1E7A4F7556}") = "KampIntro", "KampIntro\KampIntro.csproj", "{09B78E25-0D68-4599-BFC7-9295E4FDCD43}"
EndProject
Project("{9A19103F-16F7-4668-BE54-9A1E7A4F7556}") = "Donguler", "Donguler\Donguler.csproj", "{0A41BEDD-C449-4102-B4D5-CF7653A681E1}"
EndProject
Project("{9A19103F-16F7-4668-BE54-9A1E7A4F7556}") = "ClassIntro", "ClassIntro\ClassIntro.csproj", "{7AD77865-7CBE-43ED-9E95-79E73B829CA8}"
EndProject
Project("{9A19103F-16F7-4668-BE54-9A1E7A4F7556}") = "Methods", "Methods\Methods.csproj", "{35ACD7BD-CCE7-4006-A395-660F75710864}"
EndProject
Project("{9A19103F-16F7-4668-BE54-9A1E7A4F7556}") = "Matematik", "Matematik\Matematik.csproj", "{8C57C88A-1EFA-460F-8626-8CDA4013112E}"
EndProject
Project("{9A19103F-16F7-4668-BE54-9A1E7A4F7556}") = "DegerVeReferansTıpler", "DegerVeReferansTıpler\DegerVeReferansTıpler.csproj", "{D07FEDAF-D619-4207-885D-774D47CD9732}"
EndProject
Project("{FAE04EC0-301F-11D3-BF4B-00C04F79EFBC}") = "OOP1", "OOP1\OOP1.csproj", "{5B538273-D3A4-4A5F-B264-024D344618AB}"
EndProject
Global
	GlobalSection(SolutionConfigurationPlatforms) = preSolution
		Debug|Any CPU = Debug|Any CPU
		Release|Any CPU = Release|Any CPU
	EndGlobalSection
	GlobalSection(ProjectConfigurationPlatforms) = postSolution
		{09B78E25-0D68-4599-BFC7-9295E4FDCD43}.Debug|Any CPU.ActiveCfg = Debug|Any CPU
		{09B78E25-0D68-4599-BFC7-9295E4FDCD43}.Debug|Any CPU.Build.0 = Debug|Any CPU
		{09B78E25-0D68-4599-BFC7-9295E4FDCD43}.Release|Any CPU.ActiveCfg = Release|Any CPU
		{09B78E25-0D68-4599-BFC7-9295E4FDCD43}.Release|Any CPU.Build.0 = Release|Any CPU
		{0A41BEDD-C449-4102-B4D5-CF7653A681E1}.Debug|Any CPU.ActiveCfg = Debug|Any CPU
		{0A41BEDD-C449-4102-B4D5-CF7653A681E1}.Debug|Any CPU.Build.0 = Debug|Any CPU
		{0A41BEDD-C449-4102-B4D5-CF7653A681E1}.Release|Any CPU.ActiveCfg = Release|Any CPU
		{0A41BEDD-C449-4102-B4D5-CF7653A681E1}.Release|Any CPU.Build.0 = Release|Any CPU
		{7AD77865-7CBE-43ED-9E95-79E73B829CA8}.Debug|Any CPU.ActiveCfg = Debug|Any CPU
		{7AD77865-7CBE-43ED-9E95-79E73B829CA8}.Debug|Any CPU.Build.0 = Debug|Any CPU
		{7AD77865-7CBE-43ED-9E95-79E73B829CA8}.Release|Any CPU.ActiveCfg = Release|Any CPU
		{7AD77865-7CBE-43ED-9E95-79E73B829CA8}.Release|Any CPU.Build.0 = Release|Any CPU
		{35ACD7BD-CCE7-4006-A395-660F75710864}.Debug|Any CPU.ActiveCfg = Debug|Any CPU
		{35ACD7BD-CCE7-4006-A395-660F75710864}.Debug|Any CPU.Build.0 = Debug|Any CPU
		{35ACD7BD-CCE7-4006-A395-660F75710864}.Release|Any CPU.ActiveCfg = Release|Any CPU
		{35ACD7BD-CCE7-4006-A395-660F75710864}.Release|Any CPU.Build.0 = Release|Any CPU
		{8C57C88A-1EFA-460F-8626-8CDA4013112E}.Debug|Any CPU.ActiveCfg = Debug|Any CPU
		{8C57C88A-1EFA-460F-8626-8CDA4013112E}.Debug|Any CPU.Build.0 = Debug|Any CPU
		{8C57C88A-1EFA-460F-8626-8CDA4013112E}.Release|Any CPU.ActiveCfg = Release|Any CPU
		{8C57C88A-1EFA-460F-8626-8CDA4013112E}.Release|Any CPU.Build.0 = Release|Any CPU
		{D07FEDAF-D619-4207-885D-774D47CD9732}.Debug|Any CPU.ActiveCfg = Debug|Any CPU
		{D07FEDAF-D619-4207-885D-774D47CD9732}.Debug|Any CPU.Build.0 = Debug|Any CPU
		{D07FEDAF-D619-4207-885D-774D47CD9732}.Release|Any CPU.ActiveCfg = Release|Any CPU
		{D07FEDAF-D619-4207-885D-774D47CD9732}.Release|Any CPU.Build.0 = Release|Any CPU
		{5B538273-D3A4-4A5F-B264-024D344618AB}.Debug|Any CPU.ActiveCfg = Debug|Any CPU
		{5B538273-D3A4-4A5F-B264-024D344618AB}.Debug|Any CPU.Build.0 = Debug|Any CPU
		{5B538273-D3A4-4A5F-B264-024D344618AB}.Release|Any CPU.ActiveCfg = Release|Any CPU
		{5B538273-D3A4-4A5F-B264-024D344618AB}.Release|Any CPU.Build.0 = Release|Any CPU
	EndGlobalSection
	GlobalSection(SolutionProperties) = preSolution
		HideSolutionNode = FALSE
	EndGlobalSection
	GlobalSection(ExtensibilityGlobals) = postSolution
		SolutionGuid = {65E6B050-9D4D-4C12-BA36-E77CD49E3FE1}
	EndGlobalSection
EndGlobal
