
Microsoft Visual Studio Solution File, Format Version 12.00
# Visual Studio Version 16
VisualStudioVersion = 16.0.31105.61
MinimumVisualStudioVersion = 10.0.40219.1
Project("{9A19103F-16F7-4668-BE54-9A1E7A4F7556}") = "KampIntro", "KampIntro\KampIntro.csproj", "{09B78E25-0D68-4599-BFC7-9295E4FDCD43}"
EndProject
Project("{9A19103F-16F7-4668-BE54-9A1E7A4F7556}") = "Donguler", "Donguler\Donguler.csproj", "{0A41BEDD-C449-4102-B4D5-CF7653A681E1}"
EndProject
Project("{9A19103F-16F7-4668-BE54-9A1E7A4F7556}") = "ClassIntro", "ClassIntro\ClassIntro.csproj", "{7AD77865-7CBE-43ED-9E95-79E73B829CA8}"
EndProject
Project("{9A19103F-16F7-4668-BE54-9A1E7A4F7556}") = "Methods", "Methods\Methods.csproj", "{35ACD7BD-CCE7-4006-A395-660F75710864}"
EndProject
Project("{9A19103F-16F7-4668-BE54-9A1E7A4F7556}") = "Matematik", "Matematik\Matematik.csproj", "{8C57C88A-1EFA-460F-8626-8CDA4013112E}"
EndProject
Project("{9A19103F-16F7-4668-BE54-9A1E7A4F7556}") = "DegerVeReferansTıpler", "DegerVeReferansTıpler\DegerVeReferansTıpler.csproj", "{D07FEDAF-D619-4207-885D-774D47CD9732}"
EndProject
Project("{9A19103F-16F7-4668-BE54-9A1E7A4F7556}") = "OOP1", "OOP1\OOP1.csproj", "{5B538273-D3A4-4A5F-B264-024D344618AB}"
EndProject
Project("{9A19103F-16F7-4668-BE54-9A1E7A4F7556}") = "Collections", "Collections\Collections.csproj", "{B944C7F3-7CAA-4F37-9FD7-487AE2F9898F}"
EndProject
Project("{9A19103F-16F7-4668-BE54-9A1E7A4F7556}") = "GenericsIntro", "GenericsIntro\GenericsIntro.csproj", "{93F616B2-8987-4974-B025-EF41589515E3}"
EndProject
Project("{9A19103F-16F7-4668-BE54-9A1E7A4F7556}") = "Constructors", "Constructors\Constructors.csproj", "{706D7921-5A9A-4C05-AFEE-A07319EDA747}"
EndProject
Project("{9A19103F-16F7-4668-BE54-9A1E7A4F7556}") = "Generics", "Generics\Generics.csproj", "{216DB3A7-570D-4CEE-97BB-120C15216498}"
EndProject
Project("{9A19103F-16F7-4668-BE54-9A1E7A4F7556}") = "Dictonary", "Dictonary\Dictonary.csproj", "{37957D79-7171-4A30-A4C2-3A1CBF8E0639}"
EndProject
Project("{9A19103F-16F7-4668-BE54-9A1E7A4F7556}") = "OOP2", "OOP2\OOP2.csproj", "{FE572BC5-A3A9-45B2-9290-3C035C541001}"
EndProject
Project("{9A19103F-16F7-4668-BE54-9A1E7A4F7556}") = "OOP3", "OOP3\OOP3.csproj", "{91589CB9-8043-4306-AE0D-1DBDE5F68472}"
EndProject
Project("{9A19103F-16F7-4668-BE54-9A1E7A4F7556}") = "OOP_My", "OOP_My\OOP_My.csproj", "{BE263F80-DE59-4DAD-8CB8-7E962E3C223E}"
EndProject
Project("{9A19103F-16F7-4668-BE54-9A1E7A4F7556}") = "Abstract", "Abstract\Abstract.csproj", "{59ED53F5-E86D-4778-9624-3AAA9A0534FE}"
EndProject
Project("{FAE04EC0-301F-11D3-BF4B-00C04F79EFBC}") = "RecapDemo1", "RecapDemo1\RecapDemo1.csproj", "{5EF09FB1-F7B3-44F0-A8A5-49581D7B1944}"
EndProject
Global
	GlobalSection(SolutionConfigurationPlatforms) = preSolution
		Debug|Any CPU = Debug|Any CPU
		Release|Any CPU = Release|Any CPU
	EndGlobalSection
	GlobalSection(ProjectConfigurationPlatforms) = postSolution
		{09B78E25-0D68-4599-BFC7-9295E4FDCD43}.Debug|Any CPU.ActiveCfg = Debug|Any CPU
		{09B78E25-0D68-4599-BFC7-9295E4FDCD43}.Debug|Any CPU.Build.0 = Debug|Any CPU
		{09B78E25-0D68-4599-BFC7-9295E4FDCD43}.Release|Any CPU.ActiveCfg = Release|Any CPU
		{09B78E25-0D68-4599-BFC7-9295E4FDCD43}.Release|Any CPU.Build.0 = Release|Any CPU
		{0A41BEDD-C449-4102-B4D5-CF7653A681E1}.Debug|Any CPU.ActiveCfg = Debug|Any CPU
		{0A41BEDD-C449-4102-B4D5-CF7653A681E1}.Debug|Any CPU.Build.0 = Debug|Any CPU
		{0A41BEDD-C449-4102-B4D5-CF7653A681E1}.Release|Any CPU.ActiveCfg = Release|Any CPU
		{0A41BEDD-C449-4102-B4D5-CF7653A681E1}.Release|Any CPU.Build.0 = Release|Any CPU
		{7AD77865-7CBE-43ED-9E95-79E73B829CA8}.Debug|Any CPU.ActiveCfg = Debug|Any CPU
		{7AD77865-7CBE-43ED-9E95-79E73B829CA8}.Debug|Any CPU.Build.0 = Debug|Any CPU
		{7AD77865-7CBE-43ED-9E95-79E73B829CA8}.Release|Any CPU.ActiveCfg = Release|Any CPU
		{7AD77865-7CBE-43ED-9E95-79E73B829CA8}.Release|Any CPU.Build.0 = Release|Any CPU
		{35ACD7BD-CCE7-4006-A395-660F75710864}.Debug|Any CPU.ActiveCfg = Debug|Any CPU
		{35ACD7BD-CCE7-4006-A395-660F75710864}.Debug|Any CPU.Build.0 = Debug|Any CPU
		{35ACD7BD-CCE7-4006-A395-660F75710864}.Release|Any CPU.ActiveCfg = Release|Any CPU
		{35ACD7BD-CCE7-4006-A395-660F75710864}.Release|Any CPU.Build.0 = Release|Any CPU
		{8C57C88A-1EFA-460F-8626-8CDA4013112E}.Debug|Any CPU.ActiveCfg = Debug|Any CPU
		{8C57C88A-1EFA-460F-8626-8CDA4013112E}.Debug|Any CPU.Build.0 = Debug|Any CPU
		{8C57C88A-1EFA-460F-8626-8CDA4013112E}.Release|Any CPU.ActiveCfg = Release|Any CPU
		{8C57C88A-1EFA-460F-8626-8CDA4013112E}.Release|Any CPU.Build.0 = Release|Any CPU
		{D07FEDAF-D619-4207-885D-774D47CD9732}.Debug|Any CPU.ActiveCfg = Debug|Any CPU
		{D07FEDAF-D619-4207-885D-774D47CD9732}.Debug|Any CPU.Build.0 = Debug|Any CPU
		{D07FEDAF-D619-4207-885D-774D47CD9732}.Release|Any CPU.ActiveCfg = Release|Any CPU
		{D07FEDAF-D619-4207-885D-774D47CD9732}.Release|Any CPU.Build.0 = Release|Any CPU
		{5B538273-D3A4-4A5F-B264-024D344618AB}.Debug|Any CPU.ActiveCfg = Debug|Any CPU
		{5B538273-D3A4-4A5F-B264-024D344618AB}.Debug|Any CPU.Build.0 = Debug|Any CPU
		{5B538273-D3A4-4A5F-B264-024D344618AB}.Release|Any CPU.ActiveCfg = Release|Any CPU
		{5B538273-D3A4-4A5F-B264-024D344618AB}.Release|Any CPU.Build.0 = Release|Any CPU
		{B944C7F3-7CAA-4F37-9FD7-487AE2F9898F}.Debug|Any CPU.ActiveCfg = Debug|Any CPU
		{B944C7F3-7CAA-4F37-9FD7-487AE2F9898F}.Debug|Any CPU.Build.0 = Debug|Any CPU
		{B944C7F3-7CAA-4F37-9FD7-487AE2F9898F}.Release|Any CPU.ActiveCfg = Release|Any CPU
		{B944C7F3-7CAA-4F37-9FD7-487AE2F9898F}.Release|Any CPU.Build.0 = Release|Any CPU
		{93F616B2-8987-4974-B025-EF41589515E3}.Debug|Any CPU.ActiveCfg = Debug|Any CPU
		{93F616B2-8987-4974-B025-EF41589515E3}.Debug|Any CPU.Build.0 = Debug|Any CPU
		{93F616B2-8987-4974-B025-EF41589515E3}.Release|Any CPU.ActiveCfg = Release|Any CPU
		{93F616B2-8987-4974-B025-EF41589515E3}.Release|Any CPU.Build.0 = Release|Any CPU
		{706D7921-5A9A-4C05-AFEE-A07319EDA747}.Debug|Any CPU.ActiveCfg = Debug|Any CPU
		{706D7921-5A9A-4C05-AFEE-A07319EDA747}.Debug|Any CPU.Build.0 = Debug|Any CPU
		{706D7921-5A9A-4C05-AFEE-A07319EDA747}.Release|Any CPU.ActiveCfg = Release|Any CPU
		{706D7921-5A9A-4C05-AFEE-A07319EDA747}.Release|Any CPU.Build.0 = Release|Any CPU
		{216DB3A7-570D-4CEE-97BB-120C15216498}.Debug|Any CPU.ActiveCfg = Debug|Any CPU
		{216DB3A7-570D-4CEE-97BB-120C15216498}.Debug|Any CPU.Build.0 = Debug|Any CPU
		{216DB3A7-570D-4CEE-97BB-120C15216498}.Release|Any CPU.ActiveCfg = Release|Any CPU
		{216DB3A7-570D-4CEE-97BB-120C15216498}.Release|Any CPU.Build.0 = Release|Any CPU
		{37957D79-7171-4A30-A4C2-3A1CBF8E0639}.Debug|Any CPU.ActiveCfg = Debug|Any CPU
		{37957D79-7171-4A30-A4C2-3A1CBF8E0639}.Debug|Any CPU.Build.0 = Debug|Any CPU
		{37957D79-7171-4A30-A4C2-3A1CBF8E0639}.Release|Any CPU.ActiveCfg = Release|Any CPU
		{37957D79-7171-4A30-A4C2-3A1CBF8E0639}.Release|Any CPU.Build.0 = Release|Any CPU
		{FE572BC5-A3A9-45B2-9290-3C035C541001}.Debug|Any CPU.ActiveCfg = Debug|Any CPU
		{FE572BC5-A3A9-45B2-9290-3C035C541001}.Debug|Any CPU.Build.0 = Debug|Any CPU
		{FE572BC5-A3A9-45B2-9290-3C035C541001}.Release|Any CPU.ActiveCfg = Release|Any CPU
		{FE572BC5-A3A9-45B2-9290-3C035C541001}.Release|Any CPU.Build.0 = Release|Any CPU
		{91589CB9-8043-4306-AE0D-1DBDE5F68472}.Debug|Any CPU.ActiveCfg = Debug|Any CPU
		{91589CB9-8043-4306-AE0D-1DBDE5F68472}.Debug|Any CPU.Build.0 = Debug|Any CPU
		{91589CB9-8043-4306-AE0D-1DBDE5F68472}.Release|Any CPU.ActiveCfg = Release|Any CPU
		{91589CB9-8043-4306-AE0D-1DBDE5F68472}.Release|Any CPU.Build.0 = Release|Any CPU
		{BE263F80-DE59-4DAD-8CB8-7E962E3C223E}.Debug|Any CPU.ActiveCfg = Debug|Any CPU
		{BE263F80-DE59-4DAD-8CB8-7E962E3C223E}.Debug|Any CPU.Build.0 = Debug|Any CPU
		{BE263F80-DE59-4DAD-8CB8-7E962E3C223E}.Release|Any CPU.ActiveCfg = Release|Any CPU
		{BE263F80-DE59-4DAD-8CB8-7E962E3C223E}.Release|Any CPU.Build.0 = Release|Any CPU
		{59ED53F5-E86D-4778-9624-3AAA9A0534FE}.Debug|Any CPU.ActiveCfg = Debug|Any CPU
		{59ED53F5-E86D-4778-9624-3AAA9A0534FE}.Debug|Any CPU.Build.0 = Debug|Any CPU
		{59ED53F5-E86D-4778-9624-3AAA9A0534FE}.Release|Any CPU.ActiveCfg = Release|Any CPU
		{59ED53F5-E86D-4778-9624-3AAA9A0534FE}.Release|Any CPU.Build.0 = Release|Any CPU
		{5EF09FB1-F7B3-44F0-A8A5-49581D7B1944}.Debug|Any CPU.ActiveCfg = Debug|Any CPU
		{5EF09FB1-F7B3-44F0-A8A5-49581D7B1944}.Debug|Any CPU.Build.0 = Debug|Any CPU
		{5EF09FB1-F7B3-44F0-A8A5-49581D7B1944}.Release|Any CPU.ActiveCfg = Release|Any CPU
		{5EF09FB1-F7B3-44F0-A8A5-49581D7B1944}.Release|Any CPU.Build.0 = Release|Any CPU
	EndGlobalSection
	GlobalSection(SolutionProperties) = preSolution
		HideSolutionNode = FALSE
	EndGlobalSection
	GlobalSection(ExtensibilityGlobals) = postSolution
		SolutionGuid = {65E6B050-9D4D-4C12-BA36-E77CD49E3FE1}
	EndGlobalSection
EndGlobal
